
Microsoft Visual Studio Solution File, Format Version 12.00
# Visual Studio Version 16
VisualStudioVersion = 16.0.29613.14
MinimumVisualStudioVersion = 10.0.40219.1
Project("{FAE04EC0-301F-11D3-BF4B-00C04F79EFBC}") = "core31", "core31\core31.csproj", "{3A8C2CC5-1C41-4747-B3F7-5F3B10D4E0CF}"
EndProject
Global
	GlobalSection(SolutionConfigurationPlatforms) = preSolution
		Debug|Any CPU = Debug|Any CPU
		Release|Any CPU = Release|Any CPU
	EndGlobalSection
	GlobalSection(ProjectConfigurationPlatforms) = postSolution
		{3A8C2CC5-1C41-4747-B3F7-5F3B10D4E0CF}.Debug|Any CPU.ActiveCfg = Debug|Any CPU
		{3A8C2CC5-1C41-4747-B3F7-5F3B10D4E0CF}.Debug|Any CPU.Build.0 = Debug|Any CPU
		{3A8C2CC5-1C41-4747-B3F7-5F3B10D4E0CF}.Release|Any CPU.ActiveCfg = Release|Any CPU
		{3A8C2CC5-1C41-4747-B3F7-5F3B10D4E0CF}.Release|Any CPU.Build.0 = Release|Any CPU
	EndGlobalSection
	GlobalSection(SolutionProperties) = preSolution
		HideSolutionNode = FALSE
	EndGlobalSection
	GlobalSection(ExtensibilityGlobals) = postSolution
		SolutionGuid = {E15945CC-D1BA-4429-A8C3-B3266D833E7C}
	EndGlobalSection
EndGlobal
